
Microsoft Visual Studio Solution File, Format Version 12.00
# Visual Studio Version 17
VisualStudioVersion = 17.2.32317.152
MinimumVisualStudioVersion = 10.0.40219.1
Project("{9A19103F-16F7-4668-BE54-9A1E7A4F7556}") = "ElgatoApi.WebApplication", "ElgatoApi.WebApplication\ElgatoApi.WebApplication.csproj", "{9F6439E9-23FB-44CF-BE9C-D17EEC296ECC}"
EndProject
Project("{9A19103F-16F7-4668-BE54-9A1E7A4F7556}") = "ElgatoApi.WebApplication.Tests", "ElgatoApi.WebApplication.Tests\ElgatoApi.WebApplication.Tests.csproj", "{60439082-6E88-4BFB-AF77-12A30A7FD2EC}"
EndProject
Project("{2150E333-8FDC-42A3-9474-1A3956D46DE8}") = "Solution Items", "Solution Items", "{B1AEA6E5-7EE2-4217-9EA8-70EF59B4172D}"
	ProjectSection(SolutionItems) = preProject
		certs-dockerfile = certs-dockerfile
		docker-compose.yml = docker-compose.yml
		deploy.ps1 = deploy.ps1
		build.ps1 = build.ps1
		Dockerfile = Dockerfile
		readme.md = readme.md
	EndProjectSection
EndProject
Project("{9A19103F-16F7-4668-BE54-9A1E7A4F7556}") = "ElgatoApi.Services.Tests", "ElgatoApi.Services.Tests\ElgatoApi.Services.Tests.csproj", "{0707179E-FD67-4387-9508-E84EFACD4AA0}"
EndProject
Project("{9A19103F-16F7-4668-BE54-9A1E7A4F7556}") = "ElgatoApi.Services", "ElgatoApi.Services\ElgatoApi.Services.csproj", "{3ACDE10E-26DD-4BF5-B986-035BF6106598}"
EndProject
Global
	GlobalSection(SolutionConfigurationPlatforms) = preSolution
		Debug|Any CPU = Debug|Any CPU
		Release|Any CPU = Release|Any CPU
	EndGlobalSection
	GlobalSection(ProjectConfigurationPlatforms) = postSolution
		{9F6439E9-23FB-44CF-BE9C-D17EEC296ECC}.Debug|Any CPU.ActiveCfg = Debug|Any CPU
		{9F6439E9-23FB-44CF-BE9C-D17EEC296ECC}.Debug|Any CPU.Build.0 = Debug|Any CPU
		{9F6439E9-23FB-44CF-BE9C-D17EEC296ECC}.Release|Any CPU.ActiveCfg = Release|Any CPU
		{9F6439E9-23FB-44CF-BE9C-D17EEC296ECC}.Release|Any CPU.Build.0 = Release|Any CPU
		{60439082-6E88-4BFB-AF77-12A30A7FD2EC}.Debug|Any CPU.ActiveCfg = Debug|Any CPU
		{60439082-6E88-4BFB-AF77-12A30A7FD2EC}.Debug|Any CPU.Build.0 = Debug|Any CPU
		{60439082-6E88-4BFB-AF77-12A30A7FD2EC}.Release|Any CPU.ActiveCfg = Release|Any CPU
		{60439082-6E88-4BFB-AF77-12A30A7FD2EC}.Release|Any CPU.Build.0 = Release|Any CPU
		{0707179E-FD67-4387-9508-E84EFACD4AA0}.Debug|Any CPU.ActiveCfg = Debug|Any CPU
		{0707179E-FD67-4387-9508-E84EFACD4AA0}.Debug|Any CPU.Build.0 = Debug|Any CPU
		{0707179E-FD67-4387-9508-E84EFACD4AA0}.Release|Any CPU.ActiveCfg = Release|Any CPU
		{0707179E-FD67-4387-9508-E84EFACD4AA0}.Release|Any CPU.Build.0 = Release|Any CPU
		{3ACDE10E-26DD-4BF5-B986-035BF6106598}.Debug|Any CPU.ActiveCfg = Debug|Any CPU
		{3ACDE10E-26DD-4BF5-B986-035BF6106598}.Debug|Any CPU.Build.0 = Debug|Any CPU
		{3ACDE10E-26DD-4BF5-B986-035BF6106598}.Release|Any CPU.ActiveCfg = Release|Any CPU
		{3ACDE10E-26DD-4BF5-B986-035BF6106598}.Release|Any CPU.Build.0 = Release|Any CPU
	EndGlobalSection
	GlobalSection(SolutionProperties) = preSolution
		HideSolutionNode = FALSE
	EndGlobalSection
	GlobalSection(ExtensibilityGlobals) = postSolution
		SolutionGuid = {5BCABB51-92A6-412F-A256-34B3952BCD98}
	EndGlobalSection
EndGlobal
